<Solution>
  <Project Path="Lumivate.TrackStack/Lumivate.TrackStack.csproj" />
  <!-- TODO: Notice the test project added to the solution (already done) -->
  <Project Path="Lumivate.TrackStack.Tests/Lumivate.TrackStack.Tests.csproj">
    <Build Solution="Debug|*" Project="false" />
  </Project>
</Solution>
